Microsoft Visual Studio Solution File, Format Version 11.00
# Visual Studio 2008

Project("{1CB9B023-0B80-1404-1AD4-9B8ED98DE1B0}") = "Tiltboard", "Assembly-CSharp.csproj", "{B2751A0D-F535-AE60-2EE3-DCBCABBCCD29}"
EndProject
Global
	GlobalSection(SolutionConfigurationPlatforms) = preSolution
		Debug|Any CPU = Debug|Any CPU
		Release|Any CPU = Release|Any CPU
	EndGlobalSection
	GlobalSection(ProjectConfigurationPlatforms) = postSolution
		{B2751A0D-F535-AE60-2EE3-DCBCABBCCD29}.Debug|Any CPU.ActiveCfg = Debug|Any CPU
		{B2751A0D-F535-AE60-2EE3-DCBCABBCCD29}.Debug|Any CPU.Build.0 = Debug|Any CPU
		{B2751A0D-F535-AE60-2EE3-DCBCABBCCD29}.Release|Any CPU.ActiveCfg = Release|Any CPU
		{B2751A0D-F535-AE60-2EE3-DCBCABBCCD29}.Release|Any CPU.Build.0 = Release|Any CPU
	EndGlobalSection
	GlobalSection(SolutionProperties) = preSolution
		HideSolutionNode = FALSE
	EndGlobalSection
	GlobalSection(MonoDevelopProperties) = preSolution
		StartupItem = Assembly-CSharp.csproj
	EndGlobalSection
EndGlobal
